
Microsoft Visual Studio Solution File, Format Version 12.00
# Visual Studio Version 17
VisualStudioVersion = 17.12.35707.178
MinimumVisualStudioVersion = 10.0.40219.1
Project("{FAE04EC0-301F-11D3-BF4B-00C04F79EFBC}") = "QueboRestaurant", "QueboRestaurant.csproj", "{5FD59F4C-09F8-4227-9337-F3D39DB21845}"
EndProject
Project("{FAE04EC0-301F-11D3-BF4B-00C04F79EFBC}") = "QueboRestaurant.API", "..\QueboRestaurant.API\QueboRestaurant.API.csproj", "{DA66EDF0-F72E-453D-A731-59D6BFAF5BF9}"
EndProject
Project("{FAE04EC0-301F-11D3-BF4B-00C04F79EFBC}") = "QueboRestaurant.Domain", "..\QueboRestaurant.Domain\QueboRestaurant.Domain.csproj", "{491BE821-64D0-414C-BA24-DA0D4B8A02C0}"
EndProject
Project("{FAE04EC0-301F-11D3-BF4B-00C04F79EFBC}") = "QueboRestaurant.Services", "..\QueboRestaurant.Services\QueboRestaurant.Services\QueboRestaurant.Services.csproj", "{EC6F5A8F-705B-4F1C-BF16-7E8E63C775C3}"
EndProject
Project("{FAE04EC0-301F-11D3-BF4B-00C04F79EFBC}") = "QueboRestaurant.Abstractions", "..\QueboRestaurant.Abstractions\QueboRestaurant.Abstractions.csproj", "{6A8557E7-3DCE-40F6-A8C5-31713954415D}"
EndProject
Global
	GlobalSection(SolutionConfigurationPlatforms) = preSolution
		Debug|Any CPU = Debug|Any CPU
		Release|Any CPU = Release|Any CPU
	EndGlobalSection
	GlobalSection(ProjectConfigurationPlatforms) = postSolution
		{5FD59F4C-09F8-4227-9337-F3D39DB21845}.Debug|Any CPU.ActiveCfg = Debug|Any CPU
		{5FD59F4C-09F8-4227-9337-F3D39DB21845}.Debug|Any CPU.Build.0 = Debug|Any CPU
		{5FD59F4C-09F8-4227-9337-F3D39DB21845}.Release|Any CPU.ActiveCfg = Release|Any CPU
		{5FD59F4C-09F8-4227-9337-F3D39DB21845}.Release|Any CPU.Build.0 = Release|Any CPU
		{DA66EDF0-F72E-453D-A731-59D6BFAF5BF9}.Debug|Any CPU.ActiveCfg = Debug|Any CPU
		{DA66EDF0-F72E-453D-A731-59D6BFAF5BF9}.Debug|Any CPU.Build.0 = Debug|Any CPU
		{DA66EDF0-F72E-453D-A731-59D6BFAF5BF9}.Release|Any CPU.ActiveCfg = Release|Any CPU
		{DA66EDF0-F72E-453D-A731-59D6BFAF5BF9}.Release|Any CPU.Build.0 = Release|Any CPU
		{491BE821-64D0-414C-BA24-DA0D4B8A02C0}.Debug|Any CPU.ActiveCfg = Debug|Any CPU
		{491BE821-64D0-414C-BA24-DA0D4B8A02C0}.Debug|Any CPU.Build.0 = Debug|Any CPU
		{491BE821-64D0-414C-BA24-DA0D4B8A02C0}.Release|Any CPU.ActiveCfg = Release|Any CPU
		{491BE821-64D0-414C-BA24-DA0D4B8A02C0}.Release|Any CPU.Build.0 = Release|Any CPU
	EndGlobalSection
	GlobalSection(SolutionProperties) = preSolution
		HideSolutionNode = FALSE
	EndGlobalSection
	GlobalSection(ExtensibilityGlobals) = postSolution
		SolutionGuid = {789C9FDF-C1AD-499E-9452-C0FD281898BB}
	EndGlobalSection
EndGlobal
